
Microsoft Visual Studio Solution File, Format Version 12.00
# Visual Studio Version 17
VisualStudioVersion = 17.9.34728.123
MinimumVisualStudioVersion = 10.0.40219.1
Project("{9A19103F-16F7-4668-BE54-9A1E7A4F7556}") = "ToDo.Domain", "ToDo.Domain\ToDo.Domain.csproj", "{34FCACEA-D898-41EE-A528-C21B08A1489F}"
EndProject
Project("{9A19103F-16F7-4668-BE54-9A1E7A4F7556}") = "ToDo.Infra.Persistence", "ToDo.Infra.Persistence\ToDo.Infra.Persistence.csproj", "{015563E9-DD1A-422D-BF25-8D54E7A1B907}"
EndProject
Project("{FAE04EC0-301F-11D3-BF4B-00C04F79EFBC}") = "ToDo.Service", "ToDo.Service\ToDo.Service.csproj", "{CEE4B23D-E44D-4E9D-BB59-18AF093C5141}"
EndProject
Project("{FAE04EC0-301F-11D3-BF4B-00C04F79EFBC}") = "ToDo.Application", "ToDo.Application\ToDo.Application.csproj", "{351CC1B7-17D0-4147-AD14-90975F959FD5}"
EndProject
Global
	GlobalSection(SolutionConfigurationPlatforms) = preSolution
		Debug|Any CPU = Debug|Any CPU
		Release|Any CPU = Release|Any CPU
	EndGlobalSection
	GlobalSection(ProjectConfigurationPlatforms) = postSolution
		{34FCACEA-D898-41EE-A528-C21B08A1489F}.Debug|Any CPU.ActiveCfg = Debug|Any CPU
		{34FCACEA-D898-41EE-A528-C21B08A1489F}.Debug|Any CPU.Build.0 = Debug|Any CPU
		{34FCACEA-D898-41EE-A528-C21B08A1489F}.Release|Any CPU.ActiveCfg = Release|Any CPU
		{34FCACEA-D898-41EE-A528-C21B08A1489F}.Release|Any CPU.Build.0 = Release|Any CPU
		{015563E9-DD1A-422D-BF25-8D54E7A1B907}.Debug|Any CPU.ActiveCfg = Debug|Any CPU
		{015563E9-DD1A-422D-BF25-8D54E7A1B907}.Debug|Any CPU.Build.0 = Debug|Any CPU
		{015563E9-DD1A-422D-BF25-8D54E7A1B907}.Release|Any CPU.ActiveCfg = Release|Any CPU
		{015563E9-DD1A-422D-BF25-8D54E7A1B907}.Release|Any CPU.Build.0 = Release|Any CPU
		{CEE4B23D-E44D-4E9D-BB59-18AF093C5141}.Debug|Any CPU.ActiveCfg = Debug|Any CPU
		{CEE4B23D-E44D-4E9D-BB59-18AF093C5141}.Debug|Any CPU.Build.0 = Debug|Any CPU
		{CEE4B23D-E44D-4E9D-BB59-18AF093C5141}.Release|Any CPU.ActiveCfg = Release|Any CPU
		{CEE4B23D-E44D-4E9D-BB59-18AF093C5141}.Release|Any CPU.Build.0 = Release|Any CPU
		{351CC1B7-17D0-4147-AD14-90975F959FD5}.Debug|Any CPU.ActiveCfg = Debug|Any CPU
		{351CC1B7-17D0-4147-AD14-90975F959FD5}.Debug|Any CPU.Build.0 = Debug|Any CPU
		{351CC1B7-17D0-4147-AD14-90975F959FD5}.Release|Any CPU.ActiveCfg = Release|Any CPU
		{351CC1B7-17D0-4147-AD14-90975F959FD5}.Release|Any CPU.Build.0 = Release|Any CPU
	EndGlobalSection
	GlobalSection(SolutionProperties) = preSolution
		HideSolutionNode = FALSE
	EndGlobalSection
	GlobalSection(ExtensibilityGlobals) = postSolution
		SolutionGuid = {CED66E73-6D1C-4CDA-81DC-FF6679CD3FBE}
	EndGlobalSection
EndGlobal
